
Microsoft Visual Studio Solution File, Format Version 12.00
# Visual Studio Version 17
VisualStudioVersion = 17.14.36623.8
MinimumVisualStudioVersion = 10.0.40219.1
Project("{FAE04EC0-301F-11D3-BF4B-00C04F79EFBC}") = "SolveIt.Api", "SolveIt.Api\SolveIt.Api.csproj", "{0DB58B7D-1B11-43D0-9087-5DB9770C0877}"
EndProject
Project("{FAE04EC0-301F-11D3-BF4B-00C04F79EFBC}") = "SolveIt.Infrastructure", "SolveIt.Infrastructure\SolveIt.Infrastructure.csproj", "{F4B5C96C-B9D9-4D69-B538-3C83CD4E8ABE}"
EndProject
Project("{FAE04EC0-301F-11D3-BF4B-00C04F79EFBC}") = "SolveIt.Domain", "SolveIt.Domain\SolveIt.Domain.csproj", "{07FB1050-D524-4944-A661-0CC77E521E60}"
EndProject
Project("{FAE04EC0-301F-11D3-BF4B-00C04F79EFBC}") = "SolveIt.Application", "SolveIt.Application\SolveIt.Application.csproj", "{301E8ED0-662A-441B-95CE-F41D6B83141D}"
EndProject
Global
	GlobalSection(SolutionConfigurationPlatforms) = preSolution
		Debug|Any CPU = Debug|Any CPU
		Debug|x64 = Debug|x64
		Debug|x86 = Debug|x86
		Release|Any CPU = Release|Any CPU
		Release|x64 = Release|x64
		Release|x86 = Release|x86
	EndGlobalSection
	GlobalSection(ProjectConfigurationPlatforms) = postSolution
		{0DB58B7D-1B11-43D0-9087-5DB9770C0877}.Debug|Any CPU.ActiveCfg = Debug|Any CPU
		{0DB58B7D-1B11-43D0-9087-5DB9770C0877}.Debug|Any CPU.Build.0 = Debug|Any CPU
		{0DB58B7D-1B11-43D0-9087-5DB9770C0877}.Debug|x64.ActiveCfg = Debug|Any CPU
		{0DB58B7D-1B11-43D0-9087-5DB9770C0877}.Debug|x64.Build.0 = Debug|Any CPU
		{0DB58B7D-1B11-43D0-9087-5DB9770C0877}.Debug|x86.ActiveCfg = Debug|Any CPU
		{0DB58B7D-1B11-43D0-9087-5DB9770C0877}.Debug|x86.Build.0 = Debug|Any CPU
		{0DB58B7D-1B11-43D0-9087-5DB9770C0877}.Release|Any CPU.ActiveCfg = Release|Any CPU
		{0DB58B7D-1B11-43D0-9087-5DB9770C0877}.Release|Any CPU.Build.0 = Release|Any CPU
		{0DB58B7D-1B11-43D0-9087-5DB9770C0877}.Release|x64.ActiveCfg = Release|Any CPU
		{0DB58B7D-1B11-43D0-9087-5DB9770C0877}.Release|x64.Build.0 = Release|Any CPU
		{0DB58B7D-1B11-43D0-9087-5DB9770C0877}.Release|x86.ActiveCfg = Release|Any CPU
		{0DB58B7D-1B11-43D0-9087-5DB9770C0877}.Release|x86.Build.0 = Release|Any CPU
		{F4B5C96C-B9D9-4D69-B538-3C83CD4E8ABE}.Debug|Any CPU.ActiveCfg = Debug|Any CPU
		{F4B5C96C-B9D9-4D69-B538-3C83CD4E8ABE}.Debug|Any CPU.Build.0 = Debug|Any CPU
		{F4B5C96C-B9D9-4D69-B538-3C83CD4E8ABE}.Debug|x64.ActiveCfg = Debug|Any CPU
		{F4B5C96C-B9D9-4D69-B538-3C83CD4E8ABE}.Debug|x64.Build.0 = Debug|Any CPU
		{F4B5C96C-B9D9-4D69-B538-3C83CD4E8ABE}.Debug|x86.ActiveCfg = Debug|Any CPU
		{F4B5C96C-B9D9-4D69-B538-3C83CD4E8ABE}.Debug|x86.Build.0 = Debug|Any CPU
		{F4B5C96C-B9D9-4D69-B538-3C83CD4E8ABE}.Release|Any CPU.ActiveCfg = Release|Any CPU
		{F4B5C96C-B9D9-4D69-B538-3C83CD4E8ABE}.Release|Any CPU.Build.0 = Release|Any CPU
		{F4B5C96C-B9D9-4D69-B538-3C83CD4E8ABE}.Release|x64.ActiveCfg = Release|Any CPU
		{F4B5C96C-B9D9-4D69-B538-3C83CD4E8ABE}.Release|x64.Build.0 = Release|Any CPU
		{F4B5C96C-B9D9-4D69-B538-3C83CD4E8ABE}.Release|x86.ActiveCfg = Release|Any CPU
		{F4B5C96C-B9D9-4D69-B538-3C83CD4E8ABE}.Release|x86.Build.0 = Release|Any CPU
		{07FB1050-D524-4944-A661-0CC77E521E60}.Debug|Any CPU.ActiveCfg = Debug|Any CPU
		{07FB1050-D524-4944-A661-0CC77E521E60}.Debug|Any CPU.Build.0 = Debug|Any CPU
		{07FB1050-D524-4944-A661-0CC77E521E60}.Debug|x64.ActiveCfg = Debug|Any CPU
		{07FB1050-D524-4944-A661-0CC77E521E60}.Debug|x64.Build.0 = Debug|Any CPU
		{07FB1050-D524-4944-A661-0CC77E521E60}.Debug|x86.ActiveCfg = Debug|Any CPU
		{07FB1050-D524-4944-A661-0CC77E521E60}.Debug|x86.Build.0 = Debug|Any CPU
		{07FB1050-D524-4944-A661-0CC77E521E60}.Release|Any CPU.ActiveCfg = Release|Any CPU
		{07FB1050-D524-4944-A661-0CC77E521E60}.Release|Any CPU.Build.0 = Release|Any CPU
		{07FB1050-D524-4944-A661-0CC77E521E60}.Release|x64.ActiveCfg = Release|Any CPU
		{07FB1050-D524-4944-A661-0CC77E521E60}.Release|x64.Build.0 = Release|Any CPU
		{07FB1050-D524-4944-A661-0CC77E521E60}.Release|x86.ActiveCfg = Release|Any CPU
		{07FB1050-D524-4944-A661-0CC77E521E60}.Release|x86.Build.0 = Release|Any CPU
		{301E8ED0-662A-441B-95CE-F41D6B83141D}.Debug|Any CPU.ActiveCfg = Debug|Any CPU
		{301E8ED0-662A-441B-95CE-F41D6B83141D}.Debug|Any CPU.Build.0 = Debug|Any CPU
		{301E8ED0-662A-441B-95CE-F41D6B83141D}.Debug|x64.ActiveCfg = Debug|Any CPU
		{301E8ED0-662A-441B-95CE-F41D6B83141D}.Debug|x64.Build.0 = Debug|Any CPU
		{301E8ED0-662A-441B-95CE-F41D6B83141D}.Debug|x86.ActiveCfg = Debug|Any CPU
		{301E8ED0-662A-441B-95CE-F41D6B83141D}.Debug|x86.Build.0 = Debug|Any CPU
		{301E8ED0-662A-441B-95CE-F41D6B83141D}.Release|Any CPU.ActiveCfg = Release|Any CPU
		{301E8ED0-662A-441B-95CE-F41D6B83141D}.Release|Any CPU.Build.0 = Release|Any CPU
		{301E8ED0-662A-441B-95CE-F41D6B83141D}.Release|x64.ActiveCfg = Release|Any CPU
		{301E8ED0-662A-441B-95CE-F41D6B83141D}.Release|x64.Build.0 = Release|Any CPU
		{301E8ED0-662A-441B-95CE-F41D6B83141D}.Release|x86.ActiveCfg = Release|Any CPU
		{301E8ED0-662A-441B-95CE-F41D6B83141D}.Release|x86.Build.0 = Release|Any CPU
	EndGlobalSection
	GlobalSection(SolutionProperties) = preSolution
		HideSolutionNode = FALSE
	EndGlobalSection
	GlobalSection(ExtensibilityGlobals) = postSolution
		SolutionGuid = {D61C7587-2DF1-4256-9311-F2A751B0BB88}
	EndGlobalSection
EndGlobal
